
Microsoft Visual Studio Solution File, Format Version 12.00
# Visual Studio Version 17
VisualStudioVersion = 17.9.34714.143
MinimumVisualStudioVersion = 10.0.40219.1
Project("{FAE04EC0-301F-11D3-BF4B-00C04F79EFBC}") = "WebApplication1", "WebApplication1\WebApplication1.csproj", "{31ADBD88-1402-4133-BFC2-6FEB2E95315D}"
EndProject
Global
	GlobalSection(SolutionConfigurationPlatforms) = preSolution
		Debug|Any CPU = Debug|Any CPU
		Release|Any CPU = Release|Any CPU
	EndGlobalSection
	GlobalSection(ProjectConfigurationPlatforms) = postSolution
		{31ADBD88-1402-4133-BFC2-6FEB2E95315D}.Debug|Any CPU.ActiveCfg = Debug|Any CPU
		{31ADBD88-1402-4133-BFC2-6FEB2E95315D}.Debug|Any CPU.Build.0 = Debug|Any CPU
		{31ADBD88-1402-4133-BFC2-6FEB2E95315D}.Release|Any CPU.ActiveCfg = Release|Any CPU
		{31ADBD88-1402-4133-BFC2-6FEB2E95315D}.Release|Any CPU.Build.0 = Release|Any CPU
	EndGlobalSection
	GlobalSection(SolutionProperties) = preSolution
		HideSolutionNode = FALSE
	EndGlobalSection
	GlobalSection(ExtensibilityGlobals) = postSolution
		SolutionGuid = {6A0C48D5-8532-4058-8E2F-4C76ECCBB2C1}
	EndGlobalSection
EndGlobal
